
Microsoft Visual Studio Solution File, Format Version 12.00
# Visual Studio Version 16
VisualStudioVersion = 16.0.30114.105
MinimumVisualStudioVersion = 10.0.40219.1
Project("{9A19103F-16F7-4668-BE54-9A1E7A4F7556}") = "XperienceCommunity.PageNavigationRedirects", "src\XperienceCommunity.PageNavigationRedirects\XperienceCommunity.PageNavigationRedirects.csproj", "{6DED2C87-DE35-46CA-A73E-534DEB1FE403}"
EndProject
Project("{2150E333-8FDC-42A3-9474-1A3956D46DE8}") = "src", "src", "{D3C79033-6953-401B-8037-75033108B91A}"
EndProject
Project("{9A19103F-16F7-4668-BE54-9A1E7A4F7556}") = "XperienceCommunity.PageNavigationRedirects.Tests", "tests\XperienceCommunity.PageNavigationRedirects.Tests\XperienceCommunity.PageNavigationRedirects.Tests.csproj", "{771B6F3C-AA8F-4492-9034-52FFE3879457}"
EndProject
Project("{2150E333-8FDC-42A3-9474-1A3956D46DE8}") = "Solution Items", "Solution Items", "{56D85667-8C44-4B50-8CF0-8656E8BAE4AE}"
	ProjectSection(SolutionItems) = preProject
		.editorconfig = .editorconfig
		.gitignore = .gitignore
		.markdownlint.json = .markdownlint.json
		Directory.Build.props = Directory.Build.props
		Directory.Build.targets = Directory.Build.targets
		LICENSE = LICENSE
		README.md = README.md
	EndProjectSection
EndProject
Global
	GlobalSection(SolutionConfigurationPlatforms) = preSolution
		Debug|Any CPU = Debug|Any CPU
		Release|Any CPU = Release|Any CPU
	EndGlobalSection
	GlobalSection(ProjectConfigurationPlatforms) = postSolution
		{6DED2C87-DE35-46CA-A73E-534DEB1FE403}.Debug|Any CPU.ActiveCfg = Debug|Any CPU
		{6DED2C87-DE35-46CA-A73E-534DEB1FE403}.Debug|Any CPU.Build.0 = Debug|Any CPU
		{6DED2C87-DE35-46CA-A73E-534DEB1FE403}.Release|Any CPU.ActiveCfg = Release|Any CPU
		{6DED2C87-DE35-46CA-A73E-534DEB1FE403}.Release|Any CPU.Build.0 = Release|Any CPU
		{771B6F3C-AA8F-4492-9034-52FFE3879457}.Debug|Any CPU.ActiveCfg = Debug|Any CPU
		{771B6F3C-AA8F-4492-9034-52FFE3879457}.Debug|Any CPU.Build.0 = Debug|Any CPU
		{771B6F3C-AA8F-4492-9034-52FFE3879457}.Release|Any CPU.ActiveCfg = Release|Any CPU
		{771B6F3C-AA8F-4492-9034-52FFE3879457}.Release|Any CPU.Build.0 = Release|Any CPU
	EndGlobalSection
	GlobalSection(SolutionProperties) = preSolution
		HideSolutionNode = FALSE
	EndGlobalSection
	GlobalSection(NestedProjects) = preSolution
		{6DED2C87-DE35-46CA-A73E-534DEB1FE403} = {D3C79033-6953-401B-8037-75033108B91A}
		{771B6F3C-AA8F-4492-9034-52FFE3879457} = {D3C79033-6953-401B-8037-75033108B91A}
	EndGlobalSection
	GlobalSection(ExtensibilityGlobals) = postSolution
		SolutionGuid = {1085502A-9CED-44BE-B3EF-1FE7C83D8476}
	EndGlobalSection
EndGlobal
